// !$*UTF8*$!
{
	archiveVersion = 1;
	classes = {
	};
	objectVersion = 56;
	objects = {

/* Begin PBXBuildFile section */
		773A25E529A6157E002F4A6F /* UserModel.swift in Sources */ = {isa = PBXBuildFile; fileRef = 773A25E429A6157E002F4A6F /* UserModel.swift */; };
		773A25E829A619FC002F4A6F /* SearchApiManager.swift in Sources */ = {isa = PBXBuildFile; fileRef = 773A25E729A619FC002F4A6F /* SearchApiManager.swift */; };
		773A25ED29A744F3002F4A6F /* EndPoints.swift in Sources */ = {isa = PBXBuildFile; fileRef = 773A25EC29A744F3002F4A6F /* EndPoints.swift */; };
		773A25F029A76EA0002F4A6F /* ApiResponse.swift in Sources */ = {isa = PBXBuildFile; fileRef = 773A25EF29A76EA0002F4A6F /* ApiResponse.swift */; };
		773A25F229A77681002F4A6F /* Result.swift in Sources */ = {isa = PBXBuildFile; fileRef = 773A25F129A77681002F4A6F /* Result.swift */; };
		773A25F729A78F1D002F4A6F /* UIImageView+Extension.swift in Sources */ = {isa = PBXBuildFile; fileRef = 773A25F629A78F1D002F4A6F /* UIImageView+Extension.swift */; };
		773A25FA29A78F47002F4A6F /* AppColors.swift in Sources */ = {isa = PBXBuildFile; fileRef = 773A25F929A78F47002F4A6F /* AppColors.swift */; };
		773A25FD29A796CF002F4A6F /* ImageManager.swift in Sources */ = {isa = PBXBuildFile; fileRef = 773A25FC29A796CF002F4A6F /* ImageManager.swift */; };
		773A260F29A7B8FE002F4A6F /* Users.json in Resources */ = {isa = PBXBuildFile; fileRef = 773A260E29A7B8FE002F4A6F /* Users.json */; };
		773A261229A7BA2C002F4A6F /* MockUsers.swift in Sources */ = {isa = PBXBuildFile; fileRef = 773A261129A7BA2C002F4A6F /* MockUsers.swift */; };
		773A261529A7C21D002F4A6F /* SearchViewControllerTest.swift in Sources */ = {isa = PBXBuildFile; fileRef = 773A261429A7C21D002F4A6F /* SearchViewControllerTest.swift */; };
		773A261729A8124D002F4A6F /* SearchViewModelTest.swift in Sources */ = {isa = PBXBuildFile; fileRef = 773A261629A8124D002F4A6F /* SearchViewModelTest.swift */; };
		773A261C29A830B6002F4A6F /* Toast.swift in Sources */ = {isa = PBXBuildFile; fileRef = 773A261B29A830B6002F4A6F /* Toast.swift */; };
		773A262629A8388A002F4A6F /* Constants.swift in Sources */ = {isa = PBXBuildFile; fileRef = 773A262529A8388A002F4A6F /* Constants.swift */; };
		773A262829A845A1002F4A6F /* UIAplication+Extension.swift in Sources */ = {isa = PBXBuildFile; fileRef = 773A262729A845A1002F4A6F /* UIAplication+Extension.swift */; };
		774E730029A4FD890097F2EB /* BaseViewController.swift in Sources */ = {isa = PBXBuildFile; fileRef = 774E72FF29A4FD890097F2EB /* BaseViewController.swift */; };
		774E730229A4FDBB0097F2EB /* UtilityFunctions.swift in Sources */ = {isa = PBXBuildFile; fileRef = 774E730129A4FDBB0097F2EB /* UtilityFunctions.swift */; };
		774E730529A4FE410097F2EB /* StoryBoard.swift in Sources */ = {isa = PBXBuildFile; fileRef = 774E730429A4FE410097F2EB /* StoryBoard.swift */; };
		774E730B29A5001A0097F2EB /* Search.storyboard in Resources */ = {isa = PBXBuildFile; fileRef = 774E730729A5001A0097F2EB /* Search.storyboard */; };
		774E730C29A5001A0097F2EB /* SearchRouter.swift in Sources */ = {isa = PBXBuildFile; fileRef = 774E730829A5001A0097F2EB /* SearchRouter.swift */; };
		774E730D29A5001A0097F2EB /* SearchViewController.swift in Sources */ = {isa = PBXBuildFile; fileRef = 774E730929A5001A0097F2EB /* SearchViewController.swift */; };
		774E730E29A5001A0097F2EB /* SearchViewModel.swift in Sources */ = {isa = PBXBuildFile; fileRef = 774E730A29A5001A0097F2EB /* SearchViewModel.swift */; };
		774E731129A500B10097F2EB /* UIStoryboard+Extension.swift in Sources */ = {isa = PBXBuildFile; fileRef = 774E731029A500B10097F2EB /* UIStoryboard+Extension.swift */; };
		774E731429A504500097F2EB /* NavigationManager.swift in Sources */ = {isa = PBXBuildFile; fileRef = 774E731329A504500097F2EB /* NavigationManager.swift */; };
		774E731929A511BA0097F2EB /* APIService.swift in Sources */ = {isa = PBXBuildFile; fileRef = 774E731829A511BA0097F2EB /* APIService.swift */; };
		774E732029A512360097F2EB /* Payload.swift in Sources */ = {isa = PBXBuildFile; fileRef = 774E731F29A512360097F2EB /* Payload.swift */; };
		774E732229A512750097F2EB /* ServiceConstants.swift in Sources */ = {isa = PBXBuildFile; fileRef = 774E732129A512750097F2EB /* ServiceConstants.swift */; };
		774E732629A513620097F2EB /* URLRequest+Extension.swift in Sources */ = {isa = PBXBuildFile; fileRef = 774E732529A513620097F2EB /* URLRequest+Extension.swift */; };
		774E732A29A513D80097F2EB /* APIRequestDispatcher.swift in Sources */ = {isa = PBXBuildFile; fileRef = 774E732929A513D80097F2EB /* APIRequestDispatcher.swift */; };
		774E732C29A516F90097F2EB /* Optional+Extension.swift in Sources */ = {isa = PBXBuildFile; fileRef = 774E732B29A516F90097F2EB /* Optional+Extension.swift */; };
		774E732E29A517250097F2EB /* APINetworkSession.swift in Sources */ = {isa = PBXBuildFile; fileRef = 774E732D29A517250097F2EB /* APINetworkSession.swift */; };
		7765C73429A4E72F00AEAD43 /* AppDelegate.swift in Sources */ = {isa = PBXBuildFile; fileRef = 7765C73329A4E72F00AEAD43 /* AppDelegate.swift */; };
		7765C73629A4E72F00AEAD43 /* SceneDelegate.swift in Sources */ = {isa = PBXBuildFile; fileRef = 7765C73529A4E72F00AEAD43 /* SceneDelegate.swift */; };
		7765C73D29A4E73000AEAD43 /* Assets.xcassets in Resources */ = {isa = PBXBuildFile; fileRef = 7765C73C29A4E73000AEAD43 /* Assets.xcassets */; };
		7765C74029A4E73000AEAD43 /* LaunchScreen.storyboard in Resources */ = {isa = PBXBuildFile; fileRef = 7765C73E29A4E73000AEAD43 /* LaunchScreen.storyboard */; };
		77857CD229A54CDC005E72B3 /* SearchViewController+TableView.swift in Sources */ = {isa = PBXBuildFile; fileRef = 77857CD129A54CDC005E72B3 /* SearchViewController+TableView.swift */; };
		77857CD429A54D76005E72B3 /* UITableView+Extensions.swift in Sources */ = {isa = PBXBuildFile; fileRef = 77857CD329A54D76005E72B3 /* UITableView+Extensions.swift */; };
		77857CD629A54DC3005E72B3 /* NSObject+Extensions.swift in Sources */ = {isa = PBXBuildFile; fileRef = 77857CD529A54DC3005E72B3 /* NSObject+Extensions.swift */; };
		77857CDB29A54E9B005E72B3 /* UserCell.swift in Sources */ = {isa = PBXBuildFile; fileRef = 77857CD929A54E9B005E72B3 /* UserCell.swift */; };
		77857CDC29A54E9B005E72B3 /* UserCell.xib in Resources */ = {isa = PBXBuildFile; fileRef = 77857CDA29A54E9B005E72B3 /* UserCell.xib */; };
		C4FE7285683531CA3053C989 /* Pods_Search.framework in Frameworks */ = {isa = PBXBuildFile; fileRef = 26C715C126E89B73B8E6080B /* Pods_Search.framework */; };
/* End PBXBuildFile section */

/* Begin PBXContainerItemProxy section */
		773A260629A7B7D3002F4A6F /* PBXContainerItemProxy */ = {
			isa = PBXContainerItemProxy;
			containerPortal = 7765C72829A4E72F00AEAD43 /* Project object */;
			proxyType = 1;
			remoteGlobalIDString = 7765C72F29A4E72F00AEAD43;
			remoteInfo = Search;
		};
/* End PBXContainerItemProxy section */

/* Begin PBXFileReference section */
		0C9644F36BCED162048C40A5 /* Pods-Search-SearchUITests.debug.xcconfig */ = {isa = PBXFileReference; includeInIndex = 1; lastKnownFileType = text.xcconfig; name = "Pods-Search-SearchUITests.debug.xcconfig"; path = "Target Support Files/Pods-Search-SearchUITests/Pods-Search-SearchUITests.debug.xcconfig"; sourceTree = "<group>"; };
		1223024326AE5C5BB1E49D94 /* Pods_Search_SearchUITests.framework */ = {isa = PBXFileReference; explicitFileType = wrapper.framework; includeInIndex = 0; path = Pods_Search_SearchUITests.framework; sourceTree = BUILT_PRODUCTS_DIR; };
		221E5665A3CA6B858DD06CE9 /* Pods-SearchTests.release.xcconfig */ = {isa = PBXFileReference; includeInIndex = 1; lastKnownFileType = text.xcconfig; name = "Pods-SearchTests.release.xcconfig"; path = "Target Support Files/Pods-SearchTests/Pods-SearchTests.release.xcconfig"; sourceTree = "<group>"; };
		257432B4DBC260117278C3B1 /* Pods_SearchTests.framework */ = {isa = PBXFileReference; explicitFileType = wrapper.framework; includeInIndex = 0; path = Pods_SearchTests.framework; sourceTree = BUILT_PRODUCTS_DIR; };
		26C715C126E89B73B8E6080B /* Pods_Search.framework */ = {isa = PBXFileReference; explicitFileType = wrapper.framework; includeInIndex = 0; path = Pods_Search.framework; sourceTree = BUILT_PRODUCTS_DIR; };
		38B0030A7E4346E8A332B7E1 /* Pods-Search.debug.xcconfig */ = {isa = PBXFileReference; includeInIndex = 1; lastKnownFileType = text.xcconfig; name = "Pods-Search.debug.xcconfig"; path = "Target Support Files/Pods-Search/Pods-Search.debug.xcconfig"; sourceTree = "<group>"; };
		59C97602761D3709C480921E /* Pods-Search.release.xcconfig */ = {isa = PBXFileReference; includeInIndex = 1; lastKnownFileType = text.xcconfig; name = "Pods-Search.release.xcconfig"; path = "Target Support Files/Pods-Search/Pods-Search.release.xcconfig"; sourceTree = "<group>"; };
		773A25E429A6157E002F4A6F /* UserModel.swift */ = {isa = PBXFileReference; lastKnownFileType = sourcecode.swift; path = UserModel.swift; sourceTree = "<group>"; };
		773A25E729A619FC002F4A6F /* SearchApiManager.swift */ = {isa = PBXFileReference; lastKnownFileType = sourcecode.swift; path = SearchApiManager.swift; sourceTree = "<group>"; };
		773A25EC29A744F3002F4A6F /* EndPoints.swift */ = {isa = PBXFileReference; lastKnownFileType = sourcecode.swift; path = EndPoints.swift; sourceTree = "<group>"; };
		773A25EF29A76EA0002F4A6F /* ApiResponse.swift */ = {isa = PBXFileReference; lastKnownFileType = sourcecode.swift; path = ApiResponse.swift; sourceTree = "<group>"; };
		773A25F129A77681002F4A6F /* Result.swift */ = {isa = PBXFileReference; lastKnownFileType = sourcecode.swift; path = Result.swift; sourceTree = "<group>"; };
		773A25F629A78F1D002F4A6F /* UIImageView+Extension.swift */ = {isa = PBXFileReference; lastKnownFileType = sourcecode.swift; path = "UIImageView+Extension.swift"; sourceTree = "<group>"; };
		773A25F929A78F47002F4A6F /* AppColors.swift */ = {isa = PBXFileReference; lastKnownFileType = sourcecode.swift; path = AppColors.swift; sourceTree = "<group>"; };
		773A25FC29A796CF002F4A6F /* ImageManager.swift */ = {isa = PBXFileReference; lastKnownFileType = sourcecode.swift; path = ImageManager.swift; sourceTree = "<group>"; };
		773A260229A7B7D3002F4A6F /* Search-Tests.xctest */ = {isa = PBXFileReference; explicitFileType = wrapper.cfbundle; includeInIndex = 0; path = "Search-Tests.xctest"; sourceTree = BUILT_PRODUCTS_DIR; };
		773A260E29A7B8FE002F4A6F /* Users.json */ = {isa = PBXFileReference; fileEncoding = 4; lastKnownFileType = text.json; path = Users.json; sourceTree = "<group>"; };
		773A261129A7BA2C002F4A6F /* MockUsers.swift */ = {isa = PBXFileReference; lastKnownFileType = sourcecode.swift; path = MockUsers.swift; sourceTree = "<group>"; };
		773A261429A7C21D002F4A6F /* SearchViewControllerTest.swift */ = {isa = PBXFileReference; lastKnownFileType = sourcecode.swift; path = SearchViewControllerTest.swift; sourceTree = "<group>"; };
		773A261629A8124D002F4A6F /* SearchViewModelTest.swift */ = {isa = PBXFileReference; lastKnownFileType = sourcecode.swift; path = SearchViewModelTest.swift; sourceTree = "<group>"; };
		773A261B29A830B6002F4A6F /* Toast.swift */ = {isa = PBXFileReference; lastKnownFileType = sourcecode.swift; path = Toast.swift; sourceTree = "<group>"; };
		773A262529A8388A002F4A6F /* Constants.swift */ = {isa = PBXFileReference; lastKnownFileType = sourcecode.swift; path = Constants.swift; sourceTree = "<group>"; };
		773A262729A845A1002F4A6F /* UIAplication+Extension.swift */ = {isa = PBXFileReference; lastKnownFileType = sourcecode.swift; path = "UIAplication+Extension.swift"; sourceTree = "<group>"; };
		774E72FF29A4FD890097F2EB /* BaseViewController.swift */ = {isa = PBXFileReference; lastKnownFileType = sourcecode.swift; path = BaseViewController.swift; sourceTree = "<group>"; };
		774E730129A4FDBB0097F2EB /* UtilityFunctions.swift */ = {isa = PBXFileReference; lastKnownFileType = sourcecode.swift; path = UtilityFunctions.swift; sourceTree = "<group>"; };
		774E730429A4FE410097F2EB /* StoryBoard.swift */ = {isa = PBXFileReference; lastKnownFileType = sourcecode.swift; path = StoryBoard.swift; sourceTree = "<group>"; };
		774E730729A5001A0097F2EB /* Search.storyboard */ = {isa = PBXFileReference; lastKnownFileType = file.storyboard; path = Search.storyboard; sourceTree = "<group>"; };
		774E730829A5001A0097F2EB /* SearchRouter.swift */ = {isa = PBXFileReference; lastKnownFileType = sourcecode.swift; path = SearchRouter.swift; sourceTree = "<group>"; };
		774E730929A5001A0097F2EB /* SearchViewController.swift */ = {isa = PBXFileReference; lastKnownFileType = sourcecode.swift; path = SearchViewController.swift; sourceTree = "<group>"; };
		774E730A29A5001A0097F2EB /* SearchViewModel.swift */ = {isa = PBXFileReference; lastKnownFileType = sourcecode.swift; path = SearchViewModel.swift; sourceTree = "<group>"; };
		774E731029A500B10097F2EB /* UIStoryboard+Extension.swift */ = {isa = PBXFileReference; lastKnownFileType = sourcecode.swift; path = "UIStoryboard+Extension.swift"; sourceTree = "<group>"; };
		774E731329A504500097F2EB /* NavigationManager.swift */ = {isa = PBXFileReference; lastKnownFileType = sourcecode.swift; path = NavigationManager.swift; sourceTree = "<group>"; };
		774E731829A511BA0097F2EB /* APIService.swift */ = {isa = PBXFileReference; lastKnownFileType = sourcecode.swift; path = APIService.swift; sourceTree = "<group>"; };
		774E731F29A512360097F2EB /* Payload.swift */ = {isa = PBXFileReference; lastKnownFileType = sourcecode.swift; path = Payload.swift; sourceTree = "<group>"; };
		774E732129A512750097F2EB /* ServiceConstants.swift */ = {isa = PBXFileReference; lastKnownFileType = sourcecode.swift; path = ServiceConstants.swift; sourceTree = "<group>"; };
		774E732529A513620097F2EB /* URLRequest+Extension.swift */ = {isa = PBXFileReference; lastKnownFileType = sourcecode.swift; path = "URLRequest+Extension.swift"; sourceTree = "<group>"; };
		774E732929A513D80097F2EB /* APIRequestDispatcher.swift */ = {isa = PBXFileReference; lastKnownFileType = sourcecode.swift; path = APIRequestDispatcher.swift; sourceTree = "<group>"; };
		774E732B29A516F90097F2EB /* Optional+Extension.swift */ = {isa = PBXFileReference; lastKnownFileType = sourcecode.swift; path = "Optional+Extension.swift"; sourceTree = "<group>"; };
		774E732D29A517250097F2EB /* APINetworkSession.swift */ = {isa = PBXFileReference; lastKnownFileType = sourcecode.swift; path = APINetworkSession.swift; sourceTree = "<group>"; };
		7765C73029A4E72F00AEAD43 /* Search.app */ = {isa = PBXFileReference; explicitFileType = wrapper.application; includeInIndex = 0; path = Search.app; sourceTree = BUILT_PRODUCTS_DIR; };
		7765C73329A4E72F00AEAD43 /* AppDelegate.swift */ = {isa = PBXFileReference; lastKnownFileType = sourcecode.swift; path = AppDelegate.swift; sourceTree = "<group>"; };
		7765C73529A4E72F00AEAD43 /* SceneDelegate.swift */ = {isa = PBXFileReference; lastKnownFileType = sourcecode.swift; path = SceneDelegate.swift; sourceTree = "<group>"; };
		7765C73C29A4E73000AEAD43 /* Assets.xcassets */ = {isa = PBXFileReference; lastKnownFileType = folder.assetcatalog; path = Assets.xcassets; sourceTree = "<group>"; };
		7765C73F29A4E73000AEAD43 /* Base */ = {isa = PBXFileReference; lastKnownFileType = file.storyboard; name = Base; path = Base.lproj/LaunchScreen.storyboard; sourceTree = "<group>"; };
		7765C74129A4E73000AEAD43 /* Info.plist */ = {isa = PBXFileReference; lastKnownFileType = text.plist.xml; path = Info.plist; sourceTree = "<group>"; };
		77857CD129A54CDC005E72B3 /* SearchViewController+TableView.swift */ = {isa = PBXFileReference; lastKnownFileType = sourcecode.swift; path = "SearchViewController+TableView.swift"; sourceTree = "<group>"; };
		77857CD329A54D76005E72B3 /* UITableView+Extensions.swift */ = {isa = PBXFileReference; lastKnownFileType = sourcecode.swift; path = "UITableView+Extensions.swift"; sourceTree = "<group>"; };
		77857CD529A54DC3005E72B3 /* NSObject+Extensions.swift */ = {isa = PBXFileReference; lastKnownFileType = sourcecode.swift; path = "NSObject+Extensions.swift"; sourceTree = "<group>"; };
		77857CD929A54E9B005E72B3 /* UserCell.swift */ = {isa = PBXFileReference; lastKnownFileType = sourcecode.swift; path = UserCell.swift; sourceTree = "<group>"; };
		77857CDA29A54E9B005E72B3 /* UserCell.xib */ = {isa = PBXFileReference; lastKnownFileType = file.xib; path = UserCell.xib; sourceTree = "<group>"; };
		D4D00FB6E44049BF8787F2DD /* Pods-Search-SearchUITests.release.xcconfig */ = {isa = PBXFileReference; includeInIndex = 1; lastKnownFileType = text.xcconfig; name = "Pods-Search-SearchUITests.release.xcconfig"; path = "Target Support Files/Pods-Search-SearchUITests/Pods-Search-SearchUITests.release.xcconfig"; sourceTree = "<group>"; };
		EA4A51AF75512C8B0CD68179 /* Pods-SearchTests.debug.xcconfig */ = {isa = PBXFileReference; includeInIndex = 1; lastKnownFileType = text.xcconfig; name = "Pods-SearchTests.debug.xcconfig"; path = "Target Support Files/Pods-SearchTests/Pods-SearchTests.debug.xcconfig"; sourceTree = "<group>"; };
/* End PBXFileReference section */

/* Begin PBXFrameworksBuildPhase section */
		773A25FF29A7B7D3002F4A6F /* Frameworks */ = {
			isa = PBXFrameworksBuildPhase;
			buildActionMask = 2147483647;
			files = (
			);
			runOnlyForDeploymentPostprocessing = 0;
		};
		7765C72D29A4E72F00AEAD43 /* Frameworks */ = {
			isa = PBXFrameworksBuildPhase;
			buildActionMask = 2147483647;
			files = (
				C4FE7285683531CA3053C989 /* Pods_Search.framework in Frameworks */,
			);
			runOnlyForDeploymentPostprocessing = 0;
		};
/* End PBXFrameworksBuildPhase section */

/* Begin PBXGroup section */
		2441E6A7AD198BB7191B0B69 /* Frameworks */ = {
			isa = PBXGroup;
			children = (
				26C715C126E89B73B8E6080B /* Pods_Search.framework */,
				1223024326AE5C5BB1E49D94 /* Pods_Search_SearchUITests.framework */,
				257432B4DBC260117278C3B1 /* Pods_SearchTests.framework */,
			);
			name = Frameworks;
			sourceTree = "<group>";
		};
		76768D5503946F769C343C07 /* Pods */ = {
			isa = PBXGroup;
			children = (
				38B0030A7E4346E8A332B7E1 /* Pods-Search.debug.xcconfig */,
				59C97602761D3709C480921E /* Pods-Search.release.xcconfig */,
				0C9644F36BCED162048C40A5 /* Pods-Search-SearchUITests.debug.xcconfig */,
				D4D00FB6E44049BF8787F2DD /* Pods-Search-SearchUITests.release.xcconfig */,
				EA4A51AF75512C8B0CD68179 /* Pods-SearchTests.debug.xcconfig */,
				221E5665A3CA6B858DD06CE9 /* Pods-SearchTests.release.xcconfig */,
			);
			path = Pods;
			sourceTree = "<group>";
		};
		773A25E229A61542002F4A6F /* Models */ = {
			isa = PBXGroup;
			children = (
				773A25E329A6156C002F4A6F /* UserModel */,
			);
			path = Models;
			sourceTree = "<group>";
		};
		773A25E329A6156C002F4A6F /* UserModel */ = {
			isa = PBXGroup;
			children = (
				773A25E429A6157E002F4A6F /* UserModel.swift */,
			);
			path = UserModel;
			sourceTree = "<group>";
		};
		773A25E629A619ED002F4A6F /* SearchApiManager */ = {
			isa = PBXGroup;
			children = (
				773A25E729A619FC002F4A6F /* SearchApiManager.swift */,
			);
			path = SearchApiManager;
			sourceTree = "<group>";
		};
		773A25E929A6A9CE002F4A6F /* SceneDelegate */ = {
			isa = PBXGroup;
			children = (
				7765C73529A4E72F00AEAD43 /* SceneDelegate.swift */,
			);
			path = SceneDelegate;
			sourceTree = "<group>";
		};
		773A25EA29A6ACA2002F4A6F /* ApiManagers */ = {
			isa = PBXGroup;
			children = (
				773A25E629A619ED002F4A6F /* SearchApiManager */,
			);
			path = ApiManagers;
			sourceTree = "<group>";
		};
		773A25EB29A744CB002F4A6F /* Constants */ = {
			isa = PBXGroup;
			children = (
				773A25EC29A744F3002F4A6F /* EndPoints.swift */,
				774E731F29A512360097F2EB /* Payload.swift */,
				774E732129A512750097F2EB /* ServiceConstants.swift */,
			);
			path = Constants;
			sourceTree = "<group>";
		};
		773A25EE29A76E91002F4A6F /* ApiResponse */ = {
			isa = PBXGroup;
			children = (
				773A25EF29A76EA0002F4A6F /* ApiResponse.swift */,
			);
			path = ApiResponse;
			sourceTree = "<group>";
		};
		773A25F829A78F3E002F4A6F /* AppTheme */ = {
			isa = PBXGroup;
			children = (
				773A25F929A78F47002F4A6F /* AppColors.swift */,
			);
			path = AppTheme;
			sourceTree = "<group>";
		};
		773A25FB29A796C4002F4A6F /* ImageManager */ = {
			isa = PBXGroup;
			children = (
				773A25FC29A796CF002F4A6F /* ImageManager.swift */,
			);
			path = ImageManager;
			sourceTree = "<group>";
		};
		773A260329A7B7D3002F4A6F /* Search-Tests */ = {
			isa = PBXGroup;
			children = (
				773A261029A7B9CA002F4A6F /* MockClasses */,
				773A260B29A7B88A002F4A6F /* MockResources */,
				773A261329A7C1F0002F4A6F /* Search */,
			);
			path = "Search-Tests";
			sourceTree = "<group>";
		};
		773A260B29A7B88A002F4A6F /* MockResources */ = {
			isa = PBXGroup;
			children = (
				773A260E29A7B8FE002F4A6F /* Users.json */,
			);
			path = MockResources;
			sourceTree = "<group>";
		};
		773A261029A7B9CA002F4A6F /* MockClasses */ = {
			isa = PBXGroup;
			children = (
				773A261129A7BA2C002F4A6F /* MockUsers.swift */,
			);
			path = MockClasses;
			sourceTree = "<group>";
		};
		773A261329A7C1F0002F4A6F /* Search */ = {
			isa = PBXGroup;
			children = (
				773A261429A7C21D002F4A6F /* SearchViewControllerTest.swift */,
				773A261629A8124D002F4A6F /* SearchViewModelTest.swift */,
			);
			path = Search;
			sourceTree = "<group>";
		};
		773A261A29A830A6002F4A6F /* Toast */ = {
			isa = PBXGroup;
			children = (
				773A261B29A830B6002F4A6F /* Toast.swift */,
			);
			path = Toast;
			sourceTree = "<group>";
		};
		773A262429A8387B002F4A6F /* Constants */ = {
			isa = PBXGroup;
			children = (
				773A262529A8388A002F4A6F /* Constants.swift */,
			);
			path = Constants;
			sourceTree = "<group>";
		};
		774E72FD29A4FC4F0097F2EB /* Modules */ = {
			isa = PBXGroup;
			children = (
				774E730629A500070097F2EB /* Search */,
			);
			path = Modules;
			sourceTree = "<group>";
		};
		774E72FE29A4FD660097F2EB /* ModuleSetup */ = {
			isa = PBXGroup;
			children = (
				774E72FF29A4FD890097F2EB /* BaseViewController.swift */,
				774E730129A4FDBB0097F2EB /* UtilityFunctions.swift */,
			);
			path = ModuleSetup;
			sourceTree = "<group>";
		};
		774E730329A4FE320097F2EB /* AppEnums */ = {
			isa = PBXGroup;
			children = (
				774E730429A4FE410097F2EB /* StoryBoard.swift */,
			);
			path = AppEnums;
			sourceTree = "<group>";
		};
		774E730629A500070097F2EB /* Search */ = {
			isa = PBXGroup;
			children = (
				77857CD829A54E2D005E72B3 /* Cell */,
				774E730829A5001A0097F2EB /* SearchRouter.swift */,
				774E730929A5001A0097F2EB /* SearchViewController.swift */,
				774E730A29A5001A0097F2EB /* SearchViewModel.swift */,
				77857CD129A54CDC005E72B3 /* SearchViewController+TableView.swift */,
			);
			path = Search;
			sourceTree = "<group>";
		};
		774E730F29A500A20097F2EB /* Extensions */ = {
			isa = PBXGroup;
			children = (
				774E731029A500B10097F2EB /* UIStoryboard+Extension.swift */,
				774E732B29A516F90097F2EB /* Optional+Extension.swift */,
				77857CD329A54D76005E72B3 /* UITableView+Extensions.swift */,
				77857CD529A54DC3005E72B3 /* NSObject+Extensions.swift */,
				773A25F629A78F1D002F4A6F /* UIImageView+Extension.swift */,
				773A262729A845A1002F4A6F /* UIAplication+Extension.swift */,
			);
			path = Extensions;
			sourceTree = "<group>";
		};
		774E731229A504440097F2EB /* NavigationManager */ = {
			isa = PBXGroup;
			children = (
				774E731329A504500097F2EB /* NavigationManager.swift */,
			);
			path = NavigationManager;
			sourceTree = "<group>";
		};
		774E731529A511660097F2EB /* Network */ = {
			isa = PBXGroup;
			children = (
				774E731829A511BA0097F2EB /* APIService.swift */,
				774E732929A513D80097F2EB /* APIRequestDispatcher.swift */,
				773A25EE29A76E91002F4A6F /* ApiResponse */,
				773A25EB29A744CB002F4A6F /* Constants */,
				774E731629A511770097F2EB /* CoreNetworking */,
			);
			path = Network;
			sourceTree = "<group>";
		};
		774E731629A511770097F2EB /* CoreNetworking */ = {
			isa = PBXGroup;
			children = (
				774E732D29A517250097F2EB /* APINetworkSession.swift */,
				774E732529A513620097F2EB /* URLRequest+Extension.swift */,
				773A25F129A77681002F4A6F /* Result.swift */,
			);
			path = CoreNetworking;
			sourceTree = "<group>";
		};
		774E731A29A511DF0097F2EB /* Helpers */ = {
			isa = PBXGroup;
			children = (
				773A261A29A830A6002F4A6F /* Toast */,
				773A25FB29A796C4002F4A6F /* ImageManager */,
				773A25F829A78F3E002F4A6F /* AppTheme */,
				774E730F29A500A20097F2EB /* Extensions */,
				774E730329A4FE320097F2EB /* AppEnums */,
			);
			path = Helpers;
			sourceTree = "<group>";
		};
		7765C72729A4E72F00AEAD43 = {
			isa = PBXGroup;
			children = (
				7765C73229A4E72F00AEAD43 /* Search */,
				773A260329A7B7D3002F4A6F /* Search-Tests */,
				7765C73129A4E72F00AEAD43 /* Products */,
				76768D5503946F769C343C07 /* Pods */,
				2441E6A7AD198BB7191B0B69 /* Frameworks */,
			);
			sourceTree = "<group>";
		};
		7765C73129A4E72F00AEAD43 /* Products */ = {
			isa = PBXGroup;
			children = (
				7765C73029A4E72F00AEAD43 /* Search.app */,
				773A260229A7B7D3002F4A6F /* Search-Tests.xctest */,
			);
			name = Products;
			sourceTree = "<group>";
		};
		7765C73229A4E72F00AEAD43 /* Search */ = {
			isa = PBXGroup;
			children = (
				7765C76329A4ED7400AEAD43 /* AppDelegate */,
				774E731229A504440097F2EB /* NavigationManager */,
				774E72FE29A4FD660097F2EB /* ModuleSetup */,
				774E72FD29A4FC4F0097F2EB /* Modules */,
				773A262429A8387B002F4A6F /* Constants */,
				774E731A29A511DF0097F2EB /* Helpers */,
				7765C76529A4EDAB00AEAD43 /* Storyboards */,
				773A25E229A61542002F4A6F /* Models */,
				773A25EA29A6ACA2002F4A6F /* ApiManagers */,
				774E731529A511660097F2EB /* Network */,
				7765C76429A4ED9800AEAD43 /* Resources */,
			);
			path = Search;
			sourceTree = "<group>";
		};
		7765C76329A4ED7400AEAD43 /* AppDelegate */ = {
			isa = PBXGroup;
			children = (
				7765C73329A4E72F00AEAD43 /* AppDelegate.swift */,
				773A25E929A6A9CE002F4A6F /* SceneDelegate */,
			);
			path = AppDelegate;
			sourceTree = "<group>";
		};
		7765C76429A4ED9800AEAD43 /* Resources */ = {
			isa = PBXGroup;
			children = (
				7765C73C29A4E73000AEAD43 /* Assets.xcassets */,
				7765C74129A4E73000AEAD43 /* Info.plist */,
			);
			path = Resources;
			sourceTree = "<group>";
		};
		7765C76529A4EDAB00AEAD43 /* Storyboards */ = {
			isa = PBXGroup;
			children = (
				7765C73E29A4E73000AEAD43 /* LaunchScreen.storyboard */,
				774E730729A5001A0097F2EB /* Search.storyboard */,
			);
			path = Storyboards;
			sourceTree = "<group>";
		};
		77857CD829A54E2D005E72B3 /* Cell */ = {
			isa = PBXGroup;
			children = (
				77857CD929A54E9B005E72B3 /* UserCell.swift */,
				77857CDA29A54E9B005E72B3 /* UserCell.xib */,
			);
			path = Cell;
			sourceTree = "<group>";
		};
/* End PBXGroup section */

/* Begin PBXNativeTarget section */
		773A260129A7B7D3002F4A6F /* Search-Tests */ = {
			isa = PBXNativeTarget;
			buildConfigurationList = 773A260829A7B7D3002F4A6F /* Build configuration list for PBXNativeTarget "Search-Tests" */;
			buildPhases = (
				773A25FE29A7B7D3002F4A6F /* Sources */,
				773A25FF29A7B7D3002F4A6F /* Frameworks */,
				773A260029A7B7D3002F4A6F /* Resources */,
			);
			buildRules = (
			);
			dependencies = (
				773A260729A7B7D3002F4A6F /* PBXTargetDependency */,
			);
			name = "Search-Tests";
			productName = "Search-Tests";
			productReference = 773A260229A7B7D3002F4A6F /* Search-Tests.xctest */;
			productType = "com.apple.product-type.bundle.unit-test";
		};
		7765C72F29A4E72F00AEAD43 /* Search */ = {
			isa = PBXNativeTarget;
			buildConfigurationList = 7765C75A29A4E73000AEAD43 /* Build configuration list for PBXNativeTarget "Search" */;
			buildPhases = (
				35A50630899AE5258E323B17 /* [CP] Check Pods Manifest.lock */,
				7765C72C29A4E72F00AEAD43 /* Sources */,
				7765C72D29A4E72F00AEAD43 /* Frameworks */,
				7765C72E29A4E72F00AEAD43 /* Resources */,
				26507D2FEF0E517181ECF84F /* [CP] Embed Pods Frameworks */,
			);
			buildRules = (
			);
			dependencies = (
			);
			name = Search;
			productName = Search;
			productReference = 7765C73029A4E72F00AEAD43 /* Search.app */;
			productType = "com.apple.product-type.application";
		};
/* End PBXNativeTarget section */

/* Begin PBXProject section */
		7765C72829A4E72F00AEAD43 /* Project object */ = {
			isa = PBXProject;
			attributes = {
				BuildIndependentTargetsInParallel = 1;
				LastSwiftUpdateCheck = 1420;
				LastUpgradeCheck = 1420;
				TargetAttributes = {
					773A260129A7B7D3002F4A6F = {
						CreatedOnToolsVersion = 14.2;
						LastSwiftMigration = 1420;
						TestTargetID = 7765C72F29A4E72F00AEAD43;
					};
					7765C72F29A4E72F00AEAD43 = {
						CreatedOnToolsVersion = 14.2;
					};
				};
			};
			buildConfigurationList = 7765C72B29A4E72F00AEAD43 /* Build configuration list for PBXProject "Search" */;
			compatibilityVersion = "Xcode 14.0";
			developmentRegion = en;
			hasScannedForEncodings = 0;
			knownRegions = (
				en,
				Base,
			);
			mainGroup = 7765C72729A4E72F00AEAD43;
			productRefGroup = 7765C73129A4E72F00AEAD43 /* Products */;
			projectDirPath = "";
			projectRoot = "";
			targets = (
				7765C72F29A4E72F00AEAD43 /* Search */,
				773A260129A7B7D3002F4A6F /* Search-Tests */,
			);
		};
/* End PBXProject section */

/* Begin PBXResourcesBuildPhase section */
		773A260029A7B7D3002F4A6F /* Resources */ = {
			isa = PBXResourcesBuildPhase;
			buildActionMask = 2147483647;
			files = (
				773A260F29A7B8FE002F4A6F /* Users.json in Resources */,
			);
			runOnlyForDeploymentPostprocessing = 0;
		};
		7765C72E29A4E72F00AEAD43 /* Resources */ = {
			isa = PBXResourcesBuildPhase;
			buildActionMask = 2147483647;
			files = (
				7765C74029A4E73000AEAD43 /* LaunchScreen.storyboard in Resources */,
				77857CDC29A54E9B005E72B3 /* UserCell.xib in Resources */,
				774E730B29A5001A0097F2EB /* Search.storyboard in Resources */,
				7765C73D29A4E73000AEAD43 /* Assets.xcassets in Resources */,
			);
			runOnlyForDeploymentPostprocessing = 0;
		};
/* End PBXResourcesBuildPhase section */

/* Begin PBXShellScriptBuildPhase section */
		26507D2FEF0E517181ECF84F /* [CP] Embed Pods Frameworks */ = {
			isa = PBXShellScriptBuildPhase;
			buildActionMask = 2147483647;
			files = (
			);
			inputFileListPaths = (
				"${PODS_ROOT}/Target Support Files/Pods-Search/Pods-Search-frameworks-${CONFIGURATION}-input-files.xcfilelist",
			);
			name = "[CP] Embed Pods Frameworks";
			outputFileListPaths = (
				"${PODS_ROOT}/Target Support Files/Pods-Search/Pods-Search-frameworks-${CONFIGURATION}-output-files.xcfilelist",
			);
			runOnlyForDeploymentPostprocessing = 0;
			shellPath = /bin/sh;
			shellScript = "\"${PODS_ROOT}/Target Support Files/Pods-Search/Pods-Search-frameworks.sh\"\n";
			showEnvVarsInLog = 0;
		};
		35A50630899AE5258E323B17 /* [CP] Check Pods Manifest.lock */ = {
			isa = PBXShellScriptBuildPhase;
			buildActionMask = 2147483647;
			files = (
			);
			inputFileListPaths = (
			);
			inputPaths = (
				"${PODS_PODFILE_DIR_PATH}/Podfile.lock",
				"${PODS_ROOT}/Manifest.lock",
			);
			name = "[CP] Check Pods Manifest.lock";
			outputFileListPaths = (
			);
			outputPaths = (
				"$(DERIVED_FILE_DIR)/Pods-Search-checkManifestLockResult.txt",
			);
			runOnlyForDeploymentPostprocessing = 0;
			shellPath = /bin/sh;
			shellScript = "diff \"${PODS_PODFILE_DIR_PATH}/Podfile.lock\" \"${PODS_ROOT}/Manifest.lock\" > /dev/null\nif [ $? != 0 ] ; then\n    # print error to STDERR\n    echo \"error: The sandbox is not in sync with the Podfile.lock. Run 'pod install' or update your CocoaPods installation.\" >&2\n    exit 1\nfi\n# This output is used by Xcode 'outputs' to avoid re-running this script phase.\necho \"SUCCESS\" > \"${SCRIPT_OUTPUT_FILE_0}\"\n";
			showEnvVarsInLog = 0;
		};
/* End PBXShellScriptBuildPhase section */

/* Begin PBXSourcesBuildPhase section */
		773A25FE29A7B7D3002F4A6F /* Sources */ = {
			isa = PBXSourcesBuildPhase;
			buildActionMask = 2147483647;
			files = (
				773A261729A8124D002F4A6F /* SearchViewModelTest.swift in Sources */,
				773A261529A7C21D002F4A6F /* SearchViewControllerTest.swift in Sources */,
				773A261229A7BA2C002F4A6F /* MockUsers.swift in Sources */,
			);
			runOnlyForDeploymentPostprocessing = 0;
		};
		7765C72C29A4E72F00AEAD43 /* Sources */ = {
			isa = PBXSourcesBuildPhase;
			buildActionMask = 2147483647;
			files = (
				773A262829A845A1002F4A6F /* UIAplication+Extension.swift in Sources */,
				77857CDB29A54E9B005E72B3 /* UserCell.swift in Sources */,
				77857CD229A54CDC005E72B3 /* SearchViewController+TableView.swift in Sources */,
				773A25F729A78F1D002F4A6F /* UIImageView+Extension.swift in Sources */,
				774E732A29A513D80097F2EB /* APIRequestDispatcher.swift in Sources */,
				773A25ED29A744F3002F4A6F /* EndPoints.swift in Sources */,
				773A25F029A76EA0002F4A6F /* ApiResponse.swift in Sources */,
				774E732C29A516F90097F2EB /* Optional+Extension.swift in Sources */,
				773A262629A8388A002F4A6F /* Constants.swift in Sources */,
				773A25FD29A796CF002F4A6F /* ImageManager.swift in Sources */,
				77857CD629A54DC3005E72B3 /* NSObject+Extensions.swift in Sources */,
				774E732029A512360097F2EB /* Payload.swift in Sources */,
				774E730C29A5001A0097F2EB /* SearchRouter.swift in Sources */,
				773A261C29A830B6002F4A6F /* Toast.swift in Sources */,
				77857CD429A54D76005E72B3 /* UITableView+Extensions.swift in Sources */,
				774E730D29A5001A0097F2EB /* SearchViewController.swift in Sources */,
				773A25E829A619FC002F4A6F /* SearchApiManager.swift in Sources */,
				774E730E29A5001A0097F2EB /* SearchViewModel.swift in Sources */,
				774E730529A4FE410097F2EB /* StoryBoard.swift in Sources */,
				773A25F229A77681002F4A6F /* Result.swift in Sources */,
				774E731929A511BA0097F2EB /* APIService.swift in Sources */,
				773A25FA29A78F47002F4A6F /* AppColors.swift in Sources */,
				7765C73429A4E72F00AEAD43 /* AppDelegate.swift in Sources */,
				774E732629A513620097F2EB /* URLRequest+Extension.swift in Sources */,
				774E730229A4FDBB0097F2EB /* UtilityFunctions.swift in Sources */,
				774E732E29A517250097F2EB /* APINetworkSession.swift in Sources */,
				7765C73629A4E72F00AEAD43 /* SceneDelegate.swift in Sources */,
				774E730029A4FD890097F2EB /* BaseViewController.swift in Sources */,
				774E731129A500B10097F2EB /* UIStoryboard+Extension.swift in Sources */,
				773A25E529A6157E002F4A6F /* UserModel.swift in Sources */,
				774E731429A504500097F2EB /* NavigationManager.swift in Sources */,
				774E732229A512750097F2EB /* ServiceConstants.swift in Sources */,
			);
			runOnlyForDeploymentPostprocessing = 0;
		};
/* End PBXSourcesBuildPhase section */

/* Begin PBXTargetDependency section */
		773A260729A7B7D3002F4A6F /* PBXTargetDependency */ = {
			isa = PBXTargetDependency;
			target = 7765C72F29A4E72F00AEAD43 /* Search */;
			targetProxy = 773A260629A7B7D3002F4A6F /* PBXContainerItemProxy */;
		};
/* End PBXTargetDependency section */

/* Begin PBXVariantGroup section */
		7765C73E29A4E73000AEAD43 /* LaunchScreen.storyboard */ = {
			isa = PBXVariantGroup;
			children = (
				7765C73F29A4E73000AEAD43 /* Base */,
			);
			name = LaunchScreen.storyboard;
			sourceTree = "<group>";
		};
/* End PBXVariantGroup section */

/* Begin XCBuildConfiguration section */
		773A260929A7B7D3002F4A6F /* Debug */ = {
			isa = XCBuildConfiguration;
			buildSettings = {
				BUNDLE_LOADER = "$(TEST_HOST)";
				CLANG_ENABLE_MODULES = YES;
				CODE_SIGN_STYLE = Automatic;
				CURRENT_PROJECT_VERSION = 1;
				GENERATE_INFOPLIST_FILE = YES;
				LD_RUNPATH_SEARCH_PATHS = (
					"$(inherited)",
					"@executable_path/Frameworks",
					"@loader_path/Frameworks",
				);
				MARKETING_VERSION = 1.0;
				PRODUCT_BUNDLE_IDENTIFIER = "com.team.Search-Tests";
				PRODUCT_NAME = "$(TARGET_NAME)";
				SWIFT_EMIT_LOC_STRINGS = NO;
				SWIFT_OPTIMIZATION_LEVEL = "-Onone";
				SWIFT_VERSION = 5.0;
				TARGETED_DEVICE_FAMILY = "1,2";
				TEST_HOST = "$(BUILT_PRODUCTS_DIR)/Search.app/$(BUNDLE_EXECUTABLE_FOLDER_PATH)/Search";
			};
			name = Debug;
		};
		773A260A29A7B7D3002F4A6F /* Release */ = {
			isa = XCBuildConfiguration;
			buildSettings = {
				BUNDLE_LOADER = "$(TEST_HOST)";
				CLANG_ENABLE_MODULES = YES;
				CODE_SIGN_STYLE = Automatic;
				CURRENT_PROJECT_VERSION = 1;
				GENERATE_INFOPLIST_FILE = YES;
				LD_RUNPATH_SEARCH_PATHS = (
					"$(inherited)",
					"@executable_path/Frameworks",
					"@loader_path/Frameworks",
				);
				MARKETING_VERSION = 1.0;
				PRODUCT_BUNDLE_IDENTIFIER = "com.team.Search-Tests";
				PRODUCT_NAME = "$(TARGET_NAME)";
				SWIFT_EMIT_LOC_STRINGS = NO;
				SWIFT_VERSION = 5.0;
				TARGETED_DEVICE_FAMILY = "1,2";
				TEST_HOST = "$(BUILT_PRODUCTS_DIR)/Search.app/$(BUNDLE_EXECUTABLE_FOLDER_PATH)/Search";
			};
			name = Release;
		};
		7765C75829A4E73000AEAD43 /* Debug */ = {
			isa = XCBuildConfiguration;
			buildSettings = {
				ALWAYS_SEARCH_USER_PATHS = NO;
				CLANG_ANALYZER_NONNULL = YES;
				CLANG_ANALYZER_NUMBER_OBJECT_CONVERSION = YES_AGGRESSIVE;
				CLANG_CXX_LANGUAGE_STANDARD = "gnu++20";
				CLANG_ENABLE_MODULES = YES;
				CLANG_ENABLE_OBJC_ARC = YES;
				CLANG_ENABLE_OBJC_WEAK = YES;
				CLANG_WARN_BLOCK_CAPTURE_AUTORELEASING = YES;
				CLANG_WARN_BOOL_CONVERSION = YES;
				CLANG_WARN_COMMA = YES;
				CLANG_WARN_CONSTANT_CONVERSION = YES;
				CLANG_WARN_DEPRECATED_OBJC_IMPLEMENTATIONS = YES;
				CLANG_WARN_DIRECT_OBJC_ISA_USAGE = YES_ERROR;
				CLANG_WARN_DOCUMENTATION_COMMENTS = YES;
				CLANG_WARN_EMPTY_BODY = YES;
				CLANG_WARN_ENUM_CONVERSION = YES;
				CLANG_WARN_INFINITE_RECURSION = YES;
				CLANG_WARN_INT_CONVERSION = YES;
				CLANG_WARN_NON_LITERAL_NULL_CONVERSION = YES;
				CLANG_WARN_OBJC_IMPLICIT_RETAIN_SELF = YES;
				CLANG_WARN_OBJC_LITERAL_CONVERSION = YES;
				CLANG_WARN_OBJC_ROOT_CLASS = YES_ERROR;
				CLANG_WARN_QUOTED_INCLUDE_IN_FRAMEWORK_HEADER = YES;
				CLANG_WARN_RANGE_LOOP_ANALYSIS = YES;
				CLANG_WARN_STRICT_PROTOTYPES = YES;
				CLANG_WARN_SUSPICIOUS_MOVE = YES;
				CLANG_WARN_UNGUARDED_AVAILABILITY = YES_AGGRESSIVE;
				CLANG_WARN_UNREACHABLE_CODE = YES;
				CLANG_WARN__DUPLICATE_METHOD_MATCH = YES;
				COPY_PHASE_STRIP = NO;
				DEBUG_INFORMATION_FORMAT = dwarf;
				ENABLE_STRICT_OBJC_MSGSEND = YES;
				ENABLE_TESTABILITY = YES;
				GCC_C_LANGUAGE_STANDARD = gnu11;
				GCC_DYNAMIC_NO_PIC = NO;
				GCC_NO_COMMON_BLOCKS = YES;
				GCC_OPTIMIZATION_LEVEL = 0;
				GCC_PREPROCESSOR_DEFINITIONS = (
					"DEBUG=1",
					"$(inherited)",
				);
				GCC_WARN_64_TO_32_BIT_CONVERSION = YES;
				GCC_WARN_ABOUT_RETURN_TYPE = YES_ERROR;
				GCC_WARN_UNDECLARED_SELECTOR = YES;
				GCC_WARN_UNINITIALIZED_AUTOS = YES_AGGRESSIVE;
				GCC_WARN_UNUSED_FUNCTION = YES;
				GCC_WARN_UNUSED_VARIABLE = YES;
				IPHONEOS_DEPLOYMENT_TARGET = 16.2;
				MTL_ENABLE_DEBUG_INFO = INCLUDE_SOURCE;
				MTL_FAST_MATH = YES;
				ONLY_ACTIVE_ARCH = YES;
				SDKROOT = iphoneos;
				SWIFT_ACTIVE_COMPILATION_CONDITIONS = DEBUG;
				SWIFT_OPTIMIZATION_LEVEL = "-Onone";
			};
			name = Debug;
		};
		7765C75929A4E73000AEAD43 /* Release */ = {
			isa = XCBuildConfiguration;
			buildSettings = {
				ALWAYS_SEARCH_USER_PATHS = NO;
				CLANG_ANALYZER_NONNULL = YES;
				CLANG_ANALYZER_NUMBER_OBJECT_CONVERSION = YES_AGGRESSIVE;
				CLANG_CXX_LANGUAGE_STANDARD = "gnu++20";
				CLANG_ENABLE_MODULES = YES;
				CLANG_ENABLE_OBJC_ARC = YES;
				CLANG_ENABLE_OBJC_WEAK = YES;
				CLANG_WARN_BLOCK_CAPTURE_AUTORELEASING = YES;
				CLANG_WARN_BOOL_CONVERSION = YES;
				CLANG_WARN_COMMA = YES;
				CLANG_WARN_CONSTANT_CONVERSION = YES;
				CLANG_WARN_DEPRECATED_OBJC_IMPLEMENTATIONS = YES;
				CLANG_WARN_DIRECT_OBJC_ISA_USAGE = YES_ERROR;
				CLANG_WARN_DOCUMENTATION_COMMENTS = YES;
				CLANG_WARN_EMPTY_BODY = YES;
				CLANG_WARN_ENUM_CONVERSION = YES;
				CLANG_WARN_INFINITE_RECURSION = YES;
				CLANG_WARN_INT_CONVERSION = YES;
				CLANG_WARN_NON_LITERAL_NULL_CONVERSION = YES;
				CLANG_WARN_OBJC_IMPLICIT_RETAIN_SELF = YES;
				CLANG_WARN_OBJC_LITERAL_CONVERSION = YES;
				CLANG_WARN_OBJC_ROOT_CLASS = YES_ERROR;
				CLANG_WARN_QUOTED_INCLUDE_IN_FRAMEWORK_HEADER = YES;
				CLANG_WARN_RANGE_LOOP_ANALYSIS = YES;
				CLANG_WARN_STRICT_PROTOTYPES = YES;
				CLANG_WARN_SUSPICIOUS_MOVE = YES;
				CLANG_WARN_UNGUARDED_AVAILABILITY = YES_AGGRESSIVE;
				CLANG_WARN_UNREACHABLE_CODE = YES;
				CLANG_WARN__DUPLICATE_METHOD_MATCH = YES;
				COPY_PHASE_STRIP = NO;
				DEBUG_INFORMATION_FORMAT = "dwarf-with-dsym";
				ENABLE_NS_ASSERTIONS = NO;
				ENABLE_STRICT_OBJC_MSGSEND = YES;
				GCC_C_LANGUAGE_STANDARD = gnu11;
				GCC_NO_COMMON_BLOCKS = YES;
				GCC_WARN_64_TO_32_BIT_CONVERSION = YES;
				GCC_WARN_ABOUT_RETURN_TYPE = YES_ERROR;
				GCC_WARN_UNDECLARED_SELECTOR = YES;
				GCC_WARN_UNINITIALIZED_AUTOS = YES_AGGRESSIVE;
				GCC_WARN_UNUSED_FUNCTION = YES;
				GCC_WARN_UNUSED_VARIABLE = YES;
				IPHONEOS_DEPLOYMENT_TARGET = 16.2;
				MTL_ENABLE_DEBUG_INFO = NO;
				MTL_FAST_MATH = YES;
				SDKROOT = iphoneos;
				SWIFT_COMPILATION_MODE = wholemodule;
				SWIFT_OPTIMIZATION_LEVEL = "-O";
				VALIDATE_PRODUCT = YES;
			};
			name = Release;
		};
		7765C75B29A4E73000AEAD43 /* Debug */ = {
			isa = XCBuildConfiguration;
			baseConfigurationReference = 38B0030A7E4346E8A332B7E1 /* Pods-Search.debug.xcconfig */;
			buildSettings = {
				ASSETCATALOG_COMPILER_APPICON_NAME = AppIcon;
				ASSETCATALOG_COMPILER_GLOBAL_ACCENT_COLOR_NAME = AccentColor;
				CODE_SIGN_STYLE = Automatic;
				CURRENT_PROJECT_VERSION = 1;
				GENERATE_INFOPLIST_FILE = YES;
				INFOPLIST_FILE = Search/Resources/Info.plist;
				INFOPLIST_KEY_UIApplicationSupportsIndirectInputEvents = YES;
				INFOPLIST_KEY_UILaunchStoryboardName = LaunchScreen;
				INFOPLIST_KEY_UIMainStoryboardFile = Search;
				INFOPLIST_KEY_UISupportedInterfaceOrientations_iPad = "UIInterfaceOrientationPortrait UIInterfaceOrientationPortraitUpsideDown UIInterfaceOrientationLandscapeLeft UIInterfaceOrientationLandscapeRight";
				INFOPLIST_KEY_UISupportedInterfaceOrientations_iPhone = "UIInterfaceOrientationPortrait UIInterfaceOrientationLandscapeLeft UIInterfaceOrientationLandscapeRight";
				IPHONEOS_DEPLOYMENT_TARGET = 15.0;
				LD_RUNPATH_SEARCH_PATHS = (
					"$(inherited)",
					"@executable_path/Frameworks",
				);
				MARKETING_VERSION = 1.0;
				PRODUCT_BUNDLE_IDENTIFIER = com.team.Search;
				PRODUCT_NAME = "$(TARGET_NAME)";
				SWIFT_EMIT_LOC_STRINGS = YES;
				SWIFT_VERSION = 5.0;
				TARGETED_DEVICE_FAMILY = "1,2";
			};
			name = Debug;
		};
		7765C75C29A4E73000AEAD43 /* Release */ = {
			isa = XCBuildConfiguration;
			baseConfigurationReference = 59C97602761D3709C480921E /* Pods-Search.release.xcconfig */;
			buildSettings = {
				ASSETCATALOG_COMPILER_APPICON_NAME = AppIcon;
				ASSETCATALOG_COMPILER_GLOBAL_ACCENT_COLOR_NAME = AccentColor;
				CODE_SIGN_STYLE = Automatic;
				CURRENT_PROJECT_VERSION = 1;
				GENERATE_INFOPLIST_FILE = YES;
				INFOPLIST_FILE = Search/Resources/Info.plist;
				INFOPLIST_KEY_UIApplicationSupportsIndirectInputEvents = YES;
				INFOPLIST_KEY_UILaunchStoryboardName = LaunchScreen;
				INFOPLIST_KEY_UIMainStoryboardFile = Search;
				INFOPLIST_KEY_UISupportedInterfaceOrientations_iPad = "UIInterfaceOrientationPortrait UIInterfaceOrientationPortraitUpsideDown UIInterfaceOrientationLandscapeLeft UIInterfaceOrientationLandscapeRight";
				INFOPLIST_KEY_UISupportedInterfaceOrientations_iPhone = "UIInterfaceOrientationPortrait UIInterfaceOrientationLandscapeLeft UIInterfaceOrientationLandscapeRight";
				IPHONEOS_DEPLOYMENT_TARGET = 15.0;
				LD_RUNPATH_SEARCH_PATHS = (
					"$(inherited)",
					"@executable_path/Frameworks",
				);
				MARKETING_VERSION = 1.0;
				PRODUCT_BUNDLE_IDENTIFIER = com.team.Search;
				PRODUCT_NAME = "$(TARGET_NAME)";
				SWIFT_EMIT_LOC_STRINGS = YES;
				SWIFT_VERSION = 5.0;
				TARGETED_DEVICE_FAMILY = "1,2";
			};
			name = Release;
		};
/* End XCBuildConfiguration section */

/* Begin XCConfigurationList section */
		773A260829A7B7D3002F4A6F /* Build configuration list for PBXNativeTarget "Search-Tests" */ = {
			isa = XCConfigurationList;
			buildConfigurations = (
				773A260929A7B7D3002F4A6F /* Debug */,
				773A260A29A7B7D3002F4A6F /* Release */,
			);
			defaultConfigurationIsVisible = 0;
			defaultConfigurationName = Release;
		};
		7765C72B29A4E72F00AEAD43 /* Build configuration list for PBXProject "Search" */ = {
			isa = XCConfigurationList;
			buildConfigurations = (
				7765C75829A4E73000AEAD43 /* Debug */,
				7765C75929A4E73000AEAD43 /* Release */,
			);
			defaultConfigurationIsVisible = 0;
			defaultConfigurationName = Release;
		};
		7765C75A29A4E73000AEAD43 /* Build configuration list for PBXNativeTarget "Search" */ = {
			isa = XCConfigurationList;
			buildConfigurations = (
				7765C75B29A4E73000AEAD43 /* Debug */,
				7765C75C29A4E73000AEAD43 /* Release */,
			);
			defaultConfigurationIsVisible = 0;
			defaultConfigurationName = Release;
		};
/* End XCConfigurationList section */
	};
	rootObject = 7765C72829A4E72F00AEAD43 /* Project object */;
}
